version = 1
revision = 3
requires-python = ">=3.14"

[[package]]
name = "anyio"
version = "4.12.1"
source = { registry = "https://pypi.org/simple" }
dependencies = [
    { name = "idna" },
]
sdist = { url = "https://files.pythonhosted.org/packages/96/f0/5eb65b2bb0d09ac6776f2eb54adee6abe8228ea05b20a5ad0e4945de8aac/anyio-4.12.1.tar.gz", hash = "sha256:41cfcc3a4c85d3f05c932da7c26d0201ac36f72abd4435ba90d0464a3ffed703", size = 228685, upload-time = "2026-01-06T11:45:21.246Z" }
wheels = [
    { url = "https://files.pythonhosted.org/packages/38/0e/27be9fdef66e72d64c0cdc3cc2823101b80585f8119b5c112c2e8f5f7dab/anyio-4.12.1-py3-none-any.whl", hash = "sha256:d405828884fc140aa80a3c667b8beed277f1dfedec42ba031bd6ac3db606ab6c", size = 113592, upload-time = "2026-01-06T11:45:19.497Z" },
]

[[package]]
name = "certifi"
version = "2026.1.4"
source = { registry = "https://pypi.org/simple" }
sdist = { url = "https://files.pythonhosted.org/packages/e0/2d/a891ca51311197f6ad14a7ef42e2399f36cf2f9bd44752b3dc4eab60fdc5/certifi-2026.1.4.tar.gz", hash = "sha256:ac726dd470482006e014ad384921ed6438c457018f4b3d204aea4281258b2120", size = 154268, upload-time = "2026-01-04T02:42:41.825Z" }
wheels = [
    { url = "https://files.pythonhosted.org/packages/e6/ad/3cc14f097111b4de0040c83a525973216457bbeeb63739ef1ed275c1c021/certifi-2026.1.4-py3-none-any.whl", hash = "sha256:9943707519e4add1115f44c2bc244f782c0249876bf51b6599fee1ffbedd685c", size = 152900, upload-time = "2026-01-04T02:42:40.15Z" },
]

[[package]]
name = "duckdb"
version = "1.4.4"
source = { registry = "https://pypi.org/simple" }
sdist = { url = "https://files.pythonhosted.org/packages/36/9d/ab66a06e416d71b7bdcb9904cdf8d4db3379ef632bb8e9495646702d9718/duckdb-1.4.4.tar.gz", hash = "sha256:8bba52fd2acb67668a4615ee17ee51814124223de836d9e2fdcbc4c9021b3d3c", size = 18419763, upload-time = "2026-01-26T11:50:37.68Z" }
wheels = [
    { url = "https://files.pythonhosted.org/packages/97/a6/f19e2864e651b0bd8e4db2b0c455e7e0d71e0d4cd2cd9cc052f518e43eb3/duckdb-1.4.4-cp314-cp314-macosx_10_15_universal2.whl", hash = "sha256:25874f8b1355e96178079e37312c3ba6d61a2354f51319dae860cf21335c3a20", size = 28909554, upload-time = "2026-01-26T11:50:00.107Z" },
    { url = "https://files.pythonhosted.org/packages/0e/93/8a24e932c67414fd2c45bed83218e62b73348996bf859eda020c224774b2/duckdb-1.4.4-cp314-cp314-macosx_10_15_x86_64.whl", hash = "sha256:452c5b5d6c349dc5d1154eb2062ee547296fcbd0c20e9df1ed00b5e1809089da", size = 15353804, upload-time = "2026-01-26T11:50:03.382Z" },
    { url = "https://files.pythonhosted.org/packages/62/13/e5378ff5bb1d4397655d840b34b642b1b23cdd82ae19599e62dc4b9461c9/duckdb-1.4.4-cp314-cp314-macosx_11_0_arm64.whl", hash = "sha256:8e5c2d8a0452df55e092959c0bfc8ab8897ac3ea0f754cb3b0ab3e165cd79aff", size = 13676157, upload-time = "2026-01-26T11:50:06.232Z" },
    { url = "https://files.pythonhosted.org/packages/2d/94/24364da564b27aeebe44481f15bd0197a0b535ec93f188a6b1b98c22f082/duckdb-1.4.4-cp314-cp314-manylinux_2_26_aarch64.manylinux_2_28_aarch64.whl", hash = "sha256:1af6e76fe8bd24875dc56dd8e38300d64dc708cd2e772f67b9fbc635cc3066a3", size = 18426882, upload-time = "2026-01-26T11:50:08.97Z" },
    { url = "https://files.pythonhosted.org/packages/26/0a/6ae31b2914b4dc34243279b2301554bcbc5f1a09ccc82600486c49ab71d1/duckdb-1.4.4-cp314-cp314-manylinux_2_26_x86_64.manylinux_2_28_x86_64.whl", hash = "sha256:d0440f59e0cd9936a9ebfcf7a13312eda480c79214ffed3878d75947fc3b7d6d", size = 20435641, upload-time = "2026-01-26T11:50:12.188Z" },
    { url = "https://files.pythonhosted.org/packages/d2/b1/fd5c37c53d45efe979f67e9bd49aaceef640147bb18f0699a19edd1874d6/duckdb-1.4.4-cp314-cp314-win_amd64.whl", hash = "sha256:59c8d76016dde854beab844935b1ec31de358d4053e792988108e995b18c08e7", size = 12762360, upload-time = "2026-01-26T11:50:14.76Z" },
    { url = "https://files.pythonhosted.org/packages/dd/2d/13e6024e613679d8a489dd922f199ef4b1d08a456a58eadd96dc2f05171f/duckdb-1.4.4-cp314-cp314-win_arm64.whl", hash = "sha256:53cd6423136ab44383ec9955aefe7599b3fb3dd1fe006161e6396d8167e0e0d4", size = 13458633, upload-time = "2026-01-26T11:50:17.657Z" },
]

[[package]]
name = "fdp"
version = "2.0.0"
source = { editable = "." }
dependencies = [
    { name = "duckdb" },
    { name = "httpx" },
    { name = "polars" },
    { name = "pyarrow" },
]

[package.dev-dependencies]
dev = [
    { name = "prek" },
    { name = "ruff" },
    { name = "ty" },
]

[package.metadata]
requires-dist = [
    { name = "duckdb", specifier = ">=1.4.4" },
    { name = "httpx", specifier = ">=0.28.1" },
    { name = "polars", specifier = ">=1.37.1" },
    { name = "pyarrow", specifier = ">=23.0.0" },
]

[package.metadata.requires-dev]
dev = [
    { name = "prek", specifier = ">=0.3.0" },
    { name = "ruff", specifier = ">=0.14.14" },
    { name = "ty", specifier = ">=0.0.14" },
]

[[package]]
name = "h11"
version = "0.16.0"
source = { registry = "https://pypi.org/simple" }
sdist = { url = "https://files.pythonhosted.org/packages/01/ee/02a2c011bdab74c6fb3c75474d40b3052059d95df7e73351460c8588d963/h11-0.16.0.tar.gz", hash = "sha256:4e35b956cf45792e4caa5885e69fba00bdbc6ffafbfa020300e549b208ee5ff1", size = 101250, upload-time = "2025-04-24T03:35:25.427Z" }
wheels = [
    { url = "https://files.pythonhosted.org/packages/04/4b/29cac41a4d98d144bf5f6d33995617b185d14b22401f75ca86f384e87ff1/h11-0.16.0-py3-none-any.whl", hash = "sha256:63cf8bbe7522de3bf65932fda1d9c2772064ffb3dae62d55932da54b31cb6c86", size = 37515, upload-time = "2025-04-24T03:35:24.344Z" },
]

[[package]]
name = "httpcore"
version = "1.0.9"
source = { registry = "https://pypi.org/simple" }
dependencies = [
    { name = "certifi" },
    { name = "h11" },
]
sdist = { url = "https://files.pythonhosted.org/packages/06/94/82699a10bca87a5556c9c59b5963f2d039dbd239f25bc2a63907a05a14cb/httpcore-1.0.9.tar.gz", hash = "sha256:6e34463af53fd2ab5d807f399a9b45ea31c3dfa2276f15a2c3f00afff6e176e8", size = 85484, upload-time = "2025-04-24T22:06:22.219Z" }
wheels = [
    { url = "https://files.pythonhosted.org/packages/7e/f5/f66802a942d491edb555dd61e3a9961140fd64c90bce1eafd741609d334d/httpcore-1.0.9-py3-none-any.whl", hash = "sha256:2d400746a40668fc9dec9810239072b40b4484b640a8c38fd654a024c7a1bf55", size = 78784, upload-time = "2025-04-24T22:06:20.566Z" },
]

[[package]]
name = "httpx"
version = "0.28.1"
source = { registry = "https://pypi.org/simple" }
dependencies = [
    { name = "anyio" },
    { name = "certifi" },
    { name = "httpcore" },
    { name = "idna" },
]
sdist = { url = "https://files.pythonhosted.org/packages/b1/df/48c586a5fe32a0f01324ee087459e112ebb7224f646c0b5023f5e79e9956/httpx-0.28.1.tar.gz", hash = "sha256:75e98c5f16b0f35b567856f597f06ff2270a374470a5c2392242528e3e3e42fc", size = 141406, upload-time = "2024-12-06T15:37:23.222Z" }
wheels = [
    { url = "https://files.pythonhosted.org/packages/2a/39/e50c7c3a983047577ee07d2a9e53faf5a69493943ec3f6a384bdc792deb2/httpx-0.28.1-py3-none-any.whl", hash = "sha256:d909fcccc110f8c7faf814ca82a9a4d816bc5a6dbfea25d6591d6985b8ba59ad", size = 73517, upload-time = "2024-12-06T15:37:21.509Z" },
]

[[package]]
name = "idna"
version = "3.11"
source = { registry = "https://pypi.org/simple" }
sdist = { url = "https://files.pythonhosted.org/packages/6f/6d/0703ccc57f3a7233505399edb88de3cbd678da106337b9fcde432b65ed60/idna-3.11.tar.gz", hash = "sha256:795dafcc9c04ed0c1fb032c2aa73654d8e8c5023a7df64a53f39190ada629902", size = 194582, upload-time = "2025-10-12T14:55:20.501Z" }
wheels = [
    { url = "https://files.pythonhosted.org/packages/0e/61/66938bbb5fc52dbdf84594873d5b51fb1f7c7794e9c0f5bd885f30bc507b/idna-3.11-py3-none-any.whl", hash = "sha256:771a87f49d9defaf64091e6e6fe9c18d4833f140bd19464795bc32d966ca37ea", size = 71008, upload-time = "2025-10-12T14:55:18.883Z" },
]

[[package]]
name = "polars"
version = "1.37.1"
source = { registry = "https://pypi.org/simple" }
dependencies = [
    { name = "polars-runtime-32" },
]
sdist = { url = "https://files.pythonhosted.org/packages/84/ae/dfebf31b9988c20998140b54d5b521f64ce08879f2c13d9b4d44d7c87e32/polars-1.37.1.tar.gz", hash = "sha256:0309e2a4633e712513401964b4d95452f124ceabf7aec6db50affb9ced4a274e", size = 715572, upload-time = "2026-01-12T23:27:03.267Z" }
wheels = [
    { url = "https://files.pythonhosted.org/packages/08/75/ec73e38812bca7c2240aff481b9ddff20d1ad2f10dee4b3353f5eeaacdab/polars-1.37.1-py3-none-any.whl", hash = "sha256:377fed8939a2f1223c1563cfabdc7b4a3d6ff846efa1f2ddeb8644fafd9b1aff", size = 805749, upload-time = "2026-01-12T23:25:48.595Z" },
]

[[package]]
name = "polars-runtime-32"
version = "1.37.1"
source = { registry = "https://pypi.org/simple" }
sdist = { url = "https://files.pythonhosted.org/packages/40/0b/addabe5e8d28a5a4c9887a08907be7ddc3fce892dc38f37d14b055438a57/polars_runtime_32-1.37.1.tar.gz", hash = "sha256:68779d4a691da20a5eb767d74165a8f80a2bdfbde4b54acf59af43f7fa028d8f", size = 2818945, upload-time = "2026-01-12T23:27:04.653Z" }
wheels = [
    { url = "https://files.pythonhosted.org/packages/2a/a2/e828ea9f845796de02d923edb790e408ca0b560cd68dbd74bb99a1b3c461/polars_runtime_32-1.37.1-cp310-abi3-macosx_10_12_x86_64.whl", hash = "sha256:0b8d4d73ea9977d3731927740e59d814647c5198bdbe359bcf6a8bfce2e79771", size = 43499912, upload-time = "2026-01-12T23:25:51.182Z" },
    { url = "https://files.pythonhosted.org/packages/7e/46/81b71b7aa9e3703ee6e4ef1f69a87e40f58ea7c99212bf49a95071e99c8c/polars_runtime_32-1.37.1-cp310-abi3-macosx_11_0_arm64.whl", hash = "sha256:c682bf83f5f352e5e02f5c16c652c48ca40442f07b236f30662b22217320ce76", size = 39695707, upload-time = "2026-01-12T23:25:54.289Z" },
    { url = "https://files.pythonhosted.org/packages/81/2e/20009d1fde7ee919e24040f5c87cb9d0e4f8e3f109b74ba06bc10c02459c/polars_runtime_32-1.37.1-cp310-abi3-manylinux_2_17_aarch64.manylinux2014_aarch64.whl", hash = "sha256:fc82b5bbe70ca1a4b764eed1419f6336752d6ba9fc1245388d7f8b12438afa2c", size = 41467034, upload-time = "2026-01-12T23:25:56.925Z" },
    { url = "https://files.pythonhosted.org/packages/eb/21/9b55bea940524324625b1e8fd96233290303eb1bf2c23b54573487bbbc25/polars_runtime_32-1.37.1-cp310-abi3-manylinux_2_17_x86_64.manylinux2014_x86_64.whl", hash = "sha256:a8362d11ac5193b994c7e9048ffe22ccfb976699cfbf6e128ce0302e06728894", size = 45142711, upload-time = "2026-01-12T23:26:00.817Z" },
    { url = "https://files.pythonhosted.org/packages/8c/25/c5f64461aeccdac6834a89f826d051ccd3b4ce204075e562c87a06ed2619/polars_runtime_32-1.37.1-cp310-abi3-musllinux_1_2_aarch64.whl", hash = "sha256:04f5d5a2f013dca7391b7d8e7672fa6d37573a87f1d45d3dd5f0d9b5565a4b0f", size = 41638564, upload-time = "2026-01-12T23:26:04.186Z" },
    { url = "https://files.pythonhosted.org/packages/35/af/509d3cf6c45e764ccf856beaae26fc34352f16f10f94a7839b1042920a73/polars_runtime_32-1.37.1-cp310-abi3-musllinux_1_2_x86_64.whl", hash = "sha256:fbfde7c0ca8209eeaed546e4a32cca1319189aa61c5f0f9a2b4494262bd0c689", size = 44721136, upload-time = "2026-01-12T23:26:07.088Z" },
    { url = "https://files.pythonhosted.org/packages/af/d1/5c0a83a625f72beef59394bebc57d12637997632a4f9d3ab2ffc2cc62bbf/polars_runtime_32-1.37.1-cp310-abi3-win_amd64.whl", hash = "sha256:da3d3642ae944e18dd17109d2a3036cb94ce50e5495c5023c77b1599d4c861bc", size = 44948288, upload-time = "2026-01-12T23:26:10.214Z" },
    { url = "https://files.pythonhosted.org/packages/10/f3/061bb702465904b6502f7c9081daee34b09ccbaa4f8c94cf43a2a3b6dd6f/polars_runtime_32-1.37.1-cp310-abi3-win_arm64.whl", hash = "sha256:55f2c4847a8d2e267612f564de7b753a4bde3902eaabe7b436a0a4abf75949a0", size = 41001914, upload-time = "2026-01-12T23:26:12.997Z" },
]

[[package]]
name = "prek"
version = "0.3.0"
source = { registry = "https://pypi.org/simple" }
sdist = { url = "https://files.pythonhosted.org/packages/f2/1e/6c23d3470145be1d6ff29d93f2a521864788827d22e509e2b978eb5bb4cb/prek-0.3.0.tar.gz", hash = "sha256:e70f16bbaf2803e490b866cfa997ea5cc46e7ada55d61f0cdd84bc90b8d5ca7f", size = 316063, upload-time = "2026-01-22T04:00:01.648Z" }
wheels = [
    { url = "https://files.pythonhosted.org/packages/84/49/469219c19bb00db678806f79fc084ac1ce9952004a183a798db26f6df22b/prek-0.3.0-py3-none-linux_armv6l.whl", hash = "sha256:7e5d40b22deff23e36f7ad91e24b8e62edf32f30f6dad420459f7ec7188233c3", size = 4317493, upload-time = "2026-01-22T03:59:51.769Z" },
    { url = "https://files.pythonhosted.org/packages/87/9f/f7afc49cc0fd92d1ba492929dc1573cb7004d09b61341aa6ee32a5288657/prek-0.3.0-py3-none-macosx_10_12_x86_64.whl", hash = "sha256:6712b58cbb5a7db0aaef180c489ce9f3462e0293d54e54baeedd75fc0d9d8c28", size = 4323961, upload-time = "2026-01-22T03:59:56.92Z" },
    { url = "https://files.pythonhosted.org/packages/42/94/ba36dc29e71d476bf71c3bac2b0c89cfcfc4b8973a0a6b20728f429f4560/prek-0.3.0-py3-none-macosx_11_0_arm64.whl", hash = "sha256:5f2c446fd9012a98c5690b4badf3f7dfb8d424cf0c6798a2d08ee56511f0a670", size = 3970121, upload-time = "2026-01-22T03:59:55.722Z" },
    { url = "https://files.pythonhosted.org/packages/b5/93/6131dd9f6cde3d72815b978b766de21b2ac9cc15fc38f5c22267cc7e574d/prek-0.3.0-py3-none-manylinux_2_17_aarch64.manylinux2014_aarch64.musllinux_1_1_aarch64.whl", hash = "sha256:10f3da7cda2397f7d2f3ff7f2be0d7486c15d4941f7568095b7168e57a9c88c5", size = 4307430, upload-time = "2026-01-22T03:59:47.484Z" },
    { url = "https://files.pythonhosted.org/packages/6f/08/7c55a765d96028d38dc984e66a096a969d80e56f66a47801acc86dede856/prek-0.3.0-py3-none-manylinux_2_17_armv7l.manylinux2014_armv7l.whl", hash = "sha256:2f747bb4a4322fea35d548cd2c1bd24477f56ed009f3d62a2b97ecbfc88096ac", size = 4238032, upload-time = "2026-01-22T04:00:02.606Z" },
    { url = "https://files.pythonhosted.org/packages/dc/a7/59d9bf902b749c8a0cef9e8ac073cc5c886634cd09404c00af4a76470b3b/prek-0.3.0-py3-none-manylinux_2_17_i686.manylinux2014_i686.whl", hash = "sha256:40bd61f11d8caabc0e2a5d4c326639d6ff558b580ef4388aabec293ddb5afd35", size = 4493295, upload-time = "2026-01-22T03:59:45.964Z" },
    { url = "https://files.pythonhosted.org/packages/08/dc/902b2e4ddff59ad001ddc2cda3b47e457ab1ee811698a4002b3e4f84faf1/prek-0.3.0-py3-none-manylinux_2_17_s390x.manylinux2014_s390x.whl", hash = "sha256:1d096b5e273d17a1300b20a7101a9e5a624a8104825eb59659776177f7fccea1", size = 5033370, upload-time = "2026-01-22T03:59:44.806Z" },
    { url = "https://files.pythonhosted.org/packages/15/cd/277a3d2768b80bb1ff3c2ea8378687bb4c527d88a8b543bf6f364f8a0dc9/prek-0.3.0-py3-none-manylinux_2_17_x86_64.manylinux2014_x86_64.whl", hash = "sha256:df39face5f1298851fbae495267ddf60f1694ea594ed5c6cdb88bdd6de14f6a4", size = 4549792, upload-time = "2026-01-22T03:59:41.518Z" },
    { url = "https://files.pythonhosted.org/packages/26/21/53aeabd3822ef7fa350aac66d099d4d97b05e8383a2df35499229389a642/prek-0.3.0-py3-none-manylinux_2_28_aarch64.whl", hash = "sha256:9462f80a576d661490aa058d4493a991a34c7532dea76b7b004a17c8bc6b80f2", size = 4323158, upload-time = "2026-01-22T03:59:54.284Z" },
    { url = "https://files.pythonhosted.org/packages/27/c2/3a7392b0e7fd07e339d89701b49b12a89d85256a57279877195028215957/prek-0.3.0-py3-none-manylinux_2_31_riscv64.whl", hash = "sha256:33d3fa40eecf996ed14bab2d006c39d21ae344677d62599963efd9b27936558e", size = 4344632, upload-time = "2026-01-22T04:00:03.71Z" },
    { url = "https://files.pythonhosted.org/packages/71/89/8254ac981d75d0ce2826bcac74fed901540d629cb2d9f4d73ce62f8ce843/prek-0.3.0-py3-none-musllinux_1_1_armv7l.whl", hash = "sha256:d8c6abfd53a23718afdf4e6107418db1d74c5d904e9b7ec7900e285f8da90723", size = 4216608, upload-time = "2026-01-22T03:59:58.527Z" },
    { url = "https://files.pythonhosted.org/packages/20/f5/854d57d89376fac577ee647a1dba1b87e27b2baeca7edc3d40295adeb7c8/prek-0.3.0-py3-none-musllinux_1_1_i686.whl", hash = "sha256:eb4c80c3e7c0e16bf307947809112bfef3715a1b83c2b03f5937707934635617", size = 4371174, upload-time = "2026-01-22T03:59:53.088Z" },
    { url = "https://files.pythonhosted.org/packages/03/38/8927619411da8d3f189415c452ec7a463f09dea69e272888723f37b4b18f/prek-0.3.0-py3-none-musllinux_1_1_x86_64.whl", hash = "sha256:602bcce070c50900167acd89dcdf95d27894412f8a7b549c8eb66de612a99653", size = 4659113, upload-time = "2026-01-22T03:59:43.166Z" },
    { url = "https://files.pythonhosted.org/packages/8c/4d/16baeef633b8b230dde878b858c0e955149c860feef518b5eb5aac640eec/prek-0.3.0-py3-none-win32.whl", hash = "sha256:a69229365ce33c68c05db7ae73ad1ef8bc7f0914ab3bc484ab7781256bcdfb7a", size = 3937103, upload-time = "2026-01-22T03:59:48.719Z" },
    { url = "https://files.pythonhosted.org/packages/f4/f2/c7395b4afd1bba32cad2b24c30fd7781e94c1e41137348cd150bbef001d6/prek-0.3.0-py3-none-win_amd64.whl", hash = "sha256:a0379afd8d31bd5da6ee8977820fdb3c30601bed836b39761e6f605451dbccaa", size = 4290763, upload-time = "2026-01-22T03:59:59.938Z" },
    { url = "https://files.pythonhosted.org/packages/df/83/97ed76ab5470025992cd50cb1ebdeb21fcf6c25459f9ffc49ac7bf040cf4/prek-0.3.0-py3-none-win_arm64.whl", hash = "sha256:82e2c64f75dc1ea6f2023f4322500eb8da5d0557baf06c88677bddf163e1542a", size = 4041580, upload-time = "2026-01-22T03:59:50.082Z" },
]

[[package]]
name = "pyarrow"
version = "23.0.0"
source = { registry = "https://pypi.org/simple" }
sdist = { url = "https://files.pythonhosted.org/packages/01/33/ffd9c3eb087fa41dd79c3cf20c4c0ae3cdb877c4f8e1107a446006344924/pyarrow-23.0.0.tar.gz", hash = "sha256:180e3150e7edfcd182d3d9afba72f7cf19839a497cc76555a8dce998a8f67615", size = 1167185, upload-time = "2026-01-18T16:19:42.218Z" }
wheels = [
    { url = "https://files.pythonhosted.org/packages/97/bb/15aec78bcf43a0c004067bd33eb5352836a29a49db8581fc56f2b6ca88b7/pyarrow-23.0.0-cp314-cp314-macosx_12_0_arm64.whl", hash = "sha256:20b187ed9550d233a872074159f765f52f9d92973191cd4b93f293a19efbe377", size = 34213265, upload-time = "2026-01-18T16:18:07.904Z" },
    { url = "https://files.pythonhosted.org/packages/f6/6c/deb2c594bbba41c37c5d9aa82f510376998352aa69dfcb886cb4b18ad80f/pyarrow-23.0.0-cp314-cp314-macosx_12_0_x86_64.whl", hash = "sha256:18ec84e839b493c3886b9b5e06861962ab4adfaeb79b81c76afbd8d84c7d5fda", size = 35819211, upload-time = "2026-01-18T16:18:13.94Z" },
    { url = "https://files.pythonhosted.org/packages/e0/e5/ee82af693cb7b5b2b74f6524cdfede0e6ace779d7720ebca24d68b57c36b/pyarrow-23.0.0-cp314-cp314-manylinux_2_28_aarch64.whl", hash = "sha256:e438dd3f33894e34fd02b26bd12a32d30d006f5852315f611aa4add6c7fab4bc", size = 44502313, upload-time = "2026-01-18T16:18:20.367Z" },
    { url = "https://files.pythonhosted.org/packages/9c/86/95c61ad82236495f3c31987e85135926ba3ec7f3819296b70a68d8066b49/pyarrow-23.0.0-cp314-cp314-manylinux_2_28_x86_64.whl", hash = "sha256:a244279f240c81f135631be91146d7fa0e9e840e1dfed2aba8483eba25cd98e6", size = 47585886, upload-time = "2026-01-18T16:18:27.544Z" },
    { url = "https://files.pythonhosted.org/packages/bb/6e/a72d901f305201802f016d015de1e05def7706fff68a1dedefef5dc7eff7/pyarrow-23.0.0-cp314-cp314-musllinux_1_2_aarch64.whl", hash = "sha256:c4692e83e42438dba512a570c6eaa42be2f8b6c0f492aea27dec54bdc495103a", size = 48207055, upload-time = "2026-01-18T16:18:35.425Z" },
    { url = "https://files.pythonhosted.org/packages/f9/e5/5de029c537630ca18828db45c30e2a78da03675a70ac6c3528203c416fe3/pyarrow-23.0.0-cp314-cp314-musllinux_1_2_x86_64.whl", hash = "sha256:ae7f30f898dfe44ea69654a35c93e8da4cef6606dc4c72394068fd95f8e9f54a", size = 50619812, upload-time = "2026-01-18T16:18:43.553Z" },
    { url = "https://files.pythonhosted.org/packages/59/8d/2af846cd2412e67a087f5bda4a8e23dfd4ebd570f777db2e8686615dafc1/pyarrow-23.0.0-cp314-cp314-win_amd64.whl", hash = "sha256:5b86bb649e4112fb0614294b7d0a175c7513738876b89655605ebb87c804f861", size = 28263851, upload-time = "2026-01-18T16:19:38.567Z" },
    { url = "https://files.pythonhosted.org/packages/7b/7f/caab863e587041156f6786c52e64151b7386742c8c27140f637176e9230e/pyarrow-23.0.0-cp314-cp314t-macosx_12_0_arm64.whl", hash = "sha256:ebc017d765d71d80a3f8584ca0566b53e40464586585ac64176115baa0ada7d3", size = 34463240, upload-time = "2026-01-18T16:18:49.755Z" },
    { url = "https://files.pythonhosted.org/packages/c9/fa/3a5b8c86c958e83622b40865e11af0857c48ec763c11d472c87cd518283d/pyarrow-23.0.0-cp314-cp314t-macosx_12_0_x86_64.whl", hash = "sha256:0800cc58a6d17d159df823f87ad66cefebf105b982493d4bad03ee7fab84b993", size = 35935712, upload-time = "2026-01-18T16:18:55.626Z" },
    { url = "https://files.pythonhosted.org/packages/c5/08/17a62078fc1a53decb34a9aa79cf9009efc74d63d2422e5ade9fed2f99e3/pyarrow-23.0.0-cp314-cp314t-manylinux_2_28_aarch64.whl", hash = "sha256:3a7c68c722da9bb5b0f8c10e3eae71d9825a4b429b40b32709df5d1fa55beb3d", size = 44503523, upload-time = "2026-01-18T16:19:03.958Z" },
    { url = "https://files.pythonhosted.org/packages/cc/70/84d45c74341e798aae0323d33b7c39194e23b1abc439ceaf60a68a7a969a/pyarrow-23.0.0-cp314-cp314t-manylinux_2_28_x86_64.whl", hash = "sha256:bd5556c24622df90551063ea41f559b714aa63ca953db884cfb958559087a14e", size = 47542490, upload-time = "2026-01-18T16:19:11.208Z" },
    { url = "https://files.pythonhosted.org/packages/61/d9/d1274b0e6f19e235de17441e53224f4716574b2ca837022d55702f24d71d/pyarrow-23.0.0-cp314-cp314t-musllinux_1_2_aarch64.whl", hash = "sha256:54810f6e6afc4ffee7c2e0051b61722fbea9a4961b46192dcfae8ea12fa09059", size = 48233605, upload-time = "2026-01-18T16:19:19.544Z" },
    { url = "https://files.pythonhosted.org/packages/39/07/e4e2d568cb57543d84482f61e510732820cddb0f47c4bb7df629abfed852/pyarrow-23.0.0-cp314-cp314t-musllinux_1_2_x86_64.whl", hash = "sha256:14de7d48052cf4b0ed174533eafa3cfe0711b8076ad70bede32cf59f744f0d7c", size = 50603979, upload-time = "2026-01-18T16:19:26.717Z" },
    { url = "https://files.pythonhosted.org/packages/72/9c/47693463894b610f8439b2e970b82ef81e9599c757bf2049365e40ff963c/pyarrow-23.0.0-cp314-cp314t-win_amd64.whl", hash = "sha256:427deac1f535830a744a4f04a6ac183a64fcac4341b3f618e693c41b7b98d2b0", size = 28338905, upload-time = "2026-01-18T16:19:32.93Z" },
]

[[package]]
name = "ruff"
version = "0.14.14"
source = { registry = "https://pypi.org/simple" }
sdist = { url = "https://files.pythonhosted.org/packages/2e/06/f71e3a86b2df0dfa2d2f72195941cd09b44f87711cb7fa5193732cb9a5fc/ruff-0.14.14.tar.gz", hash = "sha256:2d0f819c9a90205f3a867dbbd0be083bee9912e170fd7d9704cc8ae45824896b", size = 4515732, upload-time = "2026-01-22T22:30:17.527Z" }
wheels = [
    { url = "https://files.pythonhosted.org/packages/d2/89/20a12e97bc6b9f9f68343952da08a8099c57237aef953a56b82711d55edd/ruff-0.14.14-py3-none-linux_armv6l.whl", hash = "sha256:7cfe36b56e8489dee8fbc777c61959f60ec0f1f11817e8f2415f429552846aed", size = 10467650, upload-time = "2026-01-22T22:30:08.578Z" },
    { url = "https://files.pythonhosted.org/packages/a3/b1/c5de3fd2d5a831fcae21beda5e3589c0ba67eec8202e992388e4b17a6040/ruff-0.14.14-py3-none-macosx_10_12_x86_64.whl", hash = "sha256:6006a0082336e7920b9573ef8a7f52eec837add1265cc74e04ea8a4368cd704c", size = 10883245, upload-time = "2026-01-22T22:30:04.155Z" },
    { url = "https://files.pythonhosted.org/packages/b8/7c/3c1db59a10e7490f8f6f8559d1db8636cbb13dccebf18686f4e3c9d7c772/ruff-0.14.14-py3-none-macosx_11_0_arm64.whl", hash = "sha256:026c1d25996818f0bf498636686199d9bd0d9d6341c9c2c3b62e2a0198b758de", size = 10231273, upload-time = "2026-01-22T22:30:34.642Z" },
    { url = "https://files.pythonhosted.org/packages/a1/6e/5e0e0d9674be0f8581d1f5e0f0a04761203affce3232c1a1189d0e3b4dad/ruff-0.14.14-py3-none-manylinux_2_17_aarch64.manylinux2014_aarch64.whl", hash = "sha256:f666445819d31210b71e0a6d1c01e24447a20b85458eea25a25fe8142210ae0e", size = 10585753, upload-time = "2026-01-22T22:30:31.781Z" },
    { url = "https://files.pythonhosted.org/packages/23/09/754ab09f46ff1884d422dc26d59ba18b4e5d355be147721bb2518aa2a014/ruff-0.14.14-py3-none-manylinux_2_17_armv7l.manylinux2014_armv7l.whl", hash = "sha256:3c0f18b922c6d2ff9a5e6c3ee16259adc513ca775bcf82c67ebab7cbd9da5bc8", size = 10286052, upload-time = "2026-01-22T22:30:24.827Z" },
    { url = "https://files.pythonhosted.org/packages/c8/cc/e71f88dd2a12afb5f50733851729d6b571a7c3a35bfdb16c3035132675a0/ruff-0.14.14-py3-none-manylinux_2_17_i686.manylinux2014_i686.whl", hash = "sha256:1629e67489c2dea43e8658c3dba659edbfd87361624b4040d1df04c9740ae906", size = 11043637, upload-time = "2026-01-22T22:30:13.239Z" },
    { url = "https://files.pythonhosted.org/packages/67/b2/397245026352494497dac935d7f00f1468c03a23a0c5db6ad8fc49ca3fb2/ruff-0.14.14-py3-none-manylinux_2_17_ppc64.manylinux2014_ppc64.whl", hash = "sha256:27493a2131ea0f899057d49d303e4292b2cae2bb57253c1ed1f256fbcd1da480", size = 12194761, upload-time = "2026-01-22T22:30:22.542Z" },
    { url = "https://files.pythonhosted.org/packages/5b/06/06ef271459f778323112c51b7587ce85230785cd64e91772034ddb88f200/ruff-0.14.14-py3-none-manylinux_2_17_ppc64le.manylinux2014_ppc64le.whl", hash = "sha256:01ff589aab3f5b539e35db38425da31a57521efd1e4ad1ae08fc34dbe30bd7df", size = 12005701, upload-time = "2026-01-22T22:30:20.499Z" },
    { url = "https://files.pythonhosted.org/packages/41/d6/99364514541cf811ccc5ac44362f88df66373e9fec1b9d1c4cc830593fe7/ruff-0.14.14-py3-none-manylinux_2_17_s390x.manylinux2014_s390x.whl", hash = "sha256:1cc12d74eef0f29f51775f5b755913eb523546b88e2d733e1d701fe65144e89b", size = 11282455, upload-time = "2026-01-22T22:29:59.679Z" },
    { url = "https://files.pythonhosted.org/packages/ca/71/37daa46f89475f8582b7762ecd2722492df26421714a33e72ccc9a84d7a5/ruff-0.14.14-py3-none-manylinux_2_17_x86_64.manylinux2014_x86_64.whl", hash = "sha256:bb8481604b7a9e75eff53772496201690ce2687067e038b3cc31aaf16aa0b974", size = 11215882, upload-time = "2026-01-22T22:29:57.032Z" },
    { url = "https://files.pythonhosted.org/packages/2c/10/a31f86169ec91c0705e618443ee74ede0bdd94da0a57b28e72db68b2dbac/ruff-0.14.14-py3-none-manylinux_2_31_riscv64.whl", hash = "sha256:14649acb1cf7b5d2d283ebd2f58d56b75836ed8c6f329664fa91cdea19e76e66", size = 11180549, upload-time = "2026-01-22T22:30:27.175Z" },
    { url = "https://files.pythonhosted.org/packages/fd/1e/c723f20536b5163adf79bdd10c5f093414293cdf567eed9bdb7b83940f3f/ruff-0.14.14-py3-none-musllinux_1_2_aarch64.whl", hash = "sha256:e8058d2145566510790eab4e2fad186002e288dec5e0d343a92fe7b0bc1b3e13", size = 10543416, upload-time = "2026-01-22T22:30:01.964Z" },
    { url = "https://files.pythonhosted.org/packages/3e/34/8a84cea7e42c2d94ba5bde1d7a4fae164d6318f13f933d92da6d7c2041ff/ruff-0.14.14-py3-none-musllinux_1_2_armv7l.whl", hash = "sha256:e651e977a79e4c758eb807f0481d673a67ffe53cfa92209781dfa3a996cf8412", size = 10285491, upload-time = "2026-01-22T22:30:29.51Z" },
    { url = "https://files.pythonhosted.org/packages/55/ef/b7c5ea0be82518906c978e365e56a77f8de7678c8bb6651ccfbdc178c29f/ruff-0.14.14-py3-none-musllinux_1_2_i686.whl", hash = "sha256:cc8b22da8d9d6fdd844a68ae937e2a0adf9b16514e9a97cc60355e2d4b219fc3", size = 10733525, upload-time = "2026-01-22T22:30:06.499Z" },
    { url = "https://files.pythonhosted.org/packages/6a/5b/aaf1dfbcc53a2811f6cc0a1759de24e4b03e02ba8762daabd9b6bd8c59e3/ruff-0.14.14-py3-none-musllinux_1_2_x86_64.whl", hash = "sha256:16bc890fb4cc9781bb05beb5ab4cd51be9e7cb376bf1dd3580512b24eb3fda2b", size = 11315626, upload-time = "2026-01-22T22:30:36.848Z" },
    { url = "https://files.pythonhosted.org/packages/2c/aa/9f89c719c467dfaf8ad799b9bae0df494513fb21d31a6059cb5870e57e74/ruff-0.14.14-py3-none-win32.whl", hash = "sha256:b530c191970b143375b6a68e6f743800b2b786bbcf03a7965b06c4bf04568167", size = 10502442, upload-time = "2026-01-22T22:30:38.93Z" },
    { url = "https://files.pythonhosted.org/packages/87/44/90fa543014c45560cae1fffc63ea059fb3575ee6e1cb654562197e5d16fb/ruff-0.14.14-py3-none-win_amd64.whl", hash = "sha256:3dde1435e6b6fe5b66506c1dff67a421d0b7f6488d466f651c07f4cab3bf20fd", size = 11630486, upload-time = "2026-01-22T22:30:10.852Z" },
    { url = "https://files.pythonhosted.org/packages/9e/6a/40fee331a52339926a92e17ae748827270b288a35ef4a15c9c8f2ec54715/ruff-0.14.14-py3-none-win_arm64.whl", hash = "sha256:56e6981a98b13a32236a72a8da421d7839221fa308b223b9283312312e5ac76c", size = 10920448, upload-time = "2026-01-22T22:30:15.417Z" },
]

[[package]]
name = "ty"
version = "0.0.14"
source = { registry = "https://pypi.org/simple" }
sdist = { url = "https://files.pythonhosted.org/packages/af/57/22c3d6bf95c2229120c49ffc2f0da8d9e8823755a1c3194da56e51f1cc31/ty-0.0.14.tar.gz", hash = "sha256:a691010565f59dd7f15cf324cdcd1d9065e010c77a04f887e1ea070ba34a7de2", size = 5036573, upload-time = "2026-01-27T00:57:31.427Z" }
wheels = [
    { url = "https://files.pythonhosted.org/packages/99/cb/cc6d1d8de59beb17a41f9a614585f884ec2d95450306c173b3b7cc090d2e/ty-0.0.14-py3-none-linux_armv6l.whl", hash = "sha256:32cf2a7596e693094621d3ae568d7ee16707dce28c34d1762947874060fdddaa", size = 10034228, upload-time = "2026-01-27T00:57:53.133Z" },
    { url = "https://files.pythonhosted.org/packages/f3/96/dd42816a2075a8f31542296ae687483a8d047f86a6538dfba573223eaf9a/ty-0.0.14-py3-none-macosx_10_12_x86_64.whl", hash = "sha256:f971bf9805f49ce8c0968ad53e29624d80b970b9eb597b7cbaba25d8a18ce9a2", size = 9939162, upload-time = "2026-01-27T00:57:43.857Z" },
    { url = "https://files.pythonhosted.org/packages/ff/b4/73c4859004e0f0a9eead9ecb67021438b2e8e5fdd8d03e7f5aca77623992/ty-0.0.14-py3-none-macosx_11_0_arm64.whl", hash = "sha256:45448b9e4806423523268bc15e9208c4f3f2ead7c344f615549d2e2354d6e924", size = 9418661, upload-time = "2026-01-27T00:58:03.411Z" },
    { url = "https://files.pythonhosted.org/packages/58/35/839c4551b94613db4afa20ee555dd4f33bfa7352d5da74c5fa416ffa0fd2/ty-0.0.14-py3-none-manylinux_2_17_aarch64.manylinux2014_aarch64.whl", hash = "sha256:ee94a9b747ff40114085206bdb3205a631ef19a4d3fb89e302a88754cbbae54c", size = 9837872, upload-time = "2026-01-27T00:57:23.718Z" },
    { url = "https://files.pythonhosted.org/packages/41/2b/bbecf7e2faa20c04bebd35fc478668953ca50ee5847ce23e08acf20ea119/ty-0.0.14-py3-none-manylinux_2_17_armv7l.manylinux2014_armv7l.whl", hash = "sha256:6756715a3c33182e9ab8ffca2bb314d3c99b9c410b171736e145773ee0ae41c3", size = 9848819, upload-time = "2026-01-27T00:57:58.501Z" },
    { url = "https://files.pythonhosted.org/packages/be/60/3c0ba0f19c0f647ad9d2b5b5ac68c0f0b4dc899001bd53b3a7537fb247a2/ty-0.0.14-py3-none-manylinux_2_17_i686.manylinux2014_i686.whl", hash = "sha256:89d0038a2f698ba8b6fec5cf216a4e44e2f95e4a5095a8c0f57fe549f87087c2", size = 10324371, upload-time = "2026-01-27T00:57:29.291Z" },
    { url = "https://files.pythonhosted.org/packages/24/32/99d0a0b37d0397b0a989ffc2682493286aa3bc252b24004a6714368c2c3d/ty-0.0.14-py3-none-manylinux_2_17_ppc64le.manylinux2014_ppc64le.whl", hash = "sha256:2c64a83a2d669b77f50a4957039ca1450626fb474619f18f6f8a3eb885bf7544", size = 10865898, upload-time = "2026-01-27T00:57:33.542Z" },
    { url = "https://files.pythonhosted.org/packages/1a/88/30b583a9e0311bb474269cfa91db53350557ebec09002bfc3fb3fc364e8c/ty-0.0.14-py3-none-manylinux_2_17_s390x.manylinux2014_s390x.whl", hash = "sha256:242488bfb547ef080199f6fd81369ab9cb638a778bb161511d091ffd49c12129", size = 10555777, upload-time = "2026-01-27T00:58:05.853Z" },
    { url = "https://files.pythonhosted.org/packages/cd/a2/cb53fb6325dcf3d40f2b1d0457a25d55bfbae633c8e337bde8ec01a190eb/ty-0.0.14-py3-none-manylinux_2_17_x86_64.manylinux2014_x86_64.whl", hash = "sha256:4790c3866f6c83a4f424fc7d09ebdb225c1f1131647ba8bdc6fcdc28f09ed0ff", size = 10412913, upload-time = "2026-01-27T00:57:38.834Z" },
    { url = "https://files.pythonhosted.org/packages/42/8f/f2f5202d725ed1e6a4e5ffaa32b190a1fe70c0b1a2503d38515da4130b4c/ty-0.0.14-py3-none-musllinux_1_2_aarch64.whl", hash = "sha256:950f320437f96d4ea9a2332bbfb5b68f1c1acd269ebfa4c09b6970cc1565bd9d", size = 9837608, upload-time = "2026-01-27T00:57:55.898Z" },
    { url = "https://files.pythonhosted.org/packages/f7/ba/59a2a0521640c489dafa2c546ae1f8465f92956fede18660653cce73b4c5/ty-0.0.14-py3-none-musllinux_1_2_armv7l.whl", hash = "sha256:4a0ec3ee70d83887f86925bbc1c56f4628bd58a0f47f6f32ddfe04e1f05466df", size = 9884324, upload-time = "2026-01-27T00:57:46.786Z" },
    { url = "https://files.pythonhosted.org/packages/03/95/8d2a49880f47b638743212f011088552ecc454dd7a665ddcbdabea25772a/ty-0.0.14-py3-none-musllinux_1_2_i686.whl", hash = "sha256:a1a4e6b6da0c58b34415955279eff754d6206b35af56a18bb70eb519d8d139ef", size = 10033537, upload-time = "2026-01-27T00:58:01.149Z" },
    { url = "https://files.pythonhosted.org/packages/e9/40/4523b36f2ce69f92ccf783855a9e0ebbbd0f0bb5cdce6211ee1737159ed3/ty-0.0.14-py3-none-musllinux_1_2_x86_64.whl", hash = "sha256:dc04384e874c5de4c5d743369c277c8aa73d1edea3c7fc646b2064b637db4db3", size = 10495910, upload-time = "2026-01-27T00:57:26.691Z" },
    { url = "https://files.pythonhosted.org/packages/08/d5/655beb51224d1bfd4f9ddc0bb209659bfe71ff141bcf05c418ab670698f0/ty-0.0.14-py3-none-win32.whl", hash = "sha256:b20e22cf54c66b3e37e87377635da412d9a552c9bf4ad9fc449fed8b2e19dad2", size = 9507626, upload-time = "2026-01-27T00:57:41.43Z" },
    { url = "https://files.pythonhosted.org/packages/b6/d9/c569c9961760e20e0a4bc008eeb1415754564304fd53997a371b7cf3f864/ty-0.0.14-py3-none-win_amd64.whl", hash = "sha256:e312ff9475522d1a33186657fe74d1ec98e4a13e016d66f5758a452c90ff6409", size = 10437980, upload-time = "2026-01-27T00:57:36.422Z" },
    { url = "https://files.pythonhosted.org/packages/ad/0c/186829654f5bfd9a028f6648e9caeb11271960a61de97484627d24443f91/ty-0.0.14-py3-none-win_arm64.whl", hash = "sha256:b6facdbe9b740cb2c15293a1d178e22ffc600653646452632541d01c36d5e378", size = 9885831, upload-time = "2026-01-27T00:57:49.747Z" },
]
